
Microsoft Visual Studio Solution File, Format Version 12.00
# Visual Studio Version 17
VisualStudioVersion = 17.8.34330.188
MinimumVisualStudioVersion = 10.0.40219.1
Project("{FAE04EC0-301F-11D3-BF4B-00C04F79EFBC}") = "RetrieveStudentData", "RetrieveStudentData\RetrieveStudentData.csproj", "{FD747C17-373C-4D64-A237-633B8EE6176A}"
EndProject
Global
	GlobalSection(SolutionConfigurationPlatforms) = preSolution
		Debug|Any CPU = Debug|Any CPU
		Release|Any CPU = Release|Any CPU
	EndGlobalSection
	GlobalSection(ProjectConfigurationPlatforms) = postSolution
		{FD747C17-373C-4D64-A237-633B8EE6176A}.Debug|Any CPU.ActiveCfg = Debug|Any CPU
		{FD747C17-373C-4D64-A237-633B8EE6176A}.Debug|Any CPU.Build.0 = Debug|Any CPU
		{FD747C17-373C-4D64-A237-633B8EE6176A}.Release|Any CPU.ActiveCfg = Release|Any CPU
		{FD747C17-373C-4D64-A237-633B8EE6176A}.Release|Any CPU.Build.0 = Release|Any CPU
	EndGlobalSection
	GlobalSection(SolutionProperties) = preSolution
		HideSolutionNode = FALSE
	EndGlobalSection
	GlobalSection(ExtensibilityGlobals) = postSolution
		SolutionGuid = {89FD1F3E-88AB-4F0B-83C4-4CABB6F317B1}
	EndGlobalSection
EndGlobal
